# This file is automatically @generated by Poetry 1.5.1 and should not be changed by hand.

[[package]]
name = "anyio"
version = "4.4.0"
description = "High level compatibility layer for multiple asynchronous event loop implementations"
optional = false
python-versions = ">=3.8"
files = [
    {file = "anyio-4.4.0-py3-none-any.whl", hash = "sha256:c1b2d8f46a8a812513012e1107cb0e68c17159a7a594208005a57dc776e1bdc7"},
    {file = "anyio-4.4.0.tar.gz", hash = "sha256:5aadc6a1bbb7cdb0bede386cac5e2940f5e2ff3aa20277e991cf028e0585ce94"},
]

[package.dependencies]
exceptiongroup = {version = ">=1.0.2", markers = "python_version < \"3.11\""}
idna = ">=2.8"
sniffio = ">=1.1"
typing-extensions = {version = ">=4.1", markers = "python_version < \"3.11\""}

[package.extras]
doc = ["Sphinx (>=7)", "packaging", "sphinx-autodoc-typehints (>=1.2.0)", "sphinx-rtd-theme"]
test = ["anyio[trio]", "coverage[toml] (>=7)", "exceptiongroup (>=1.2.0)", "hypothesis (>=4.0)", "psutil (>=5.9)", "pytest (>=7.0)", "pytest-mock (>=3.6.1)", "trustme", "uvloop (>=0.17)"]
trio = ["trio (>=0.23)"]

[[package]]
name = "certifi"
version = "2024.8.30"
description = "Python package for providing Mozilla's CA Bundle."
optional = false
python-versions = ">=3.6"
files = [
    {file = "certifi-2024.8.30-py3-none-any.whl", hash = "sha256:922820b53db7a7257ffbda3f597266d435245903d80737e34f8a45ff3e3230d8"},
    {file = "certifi-2024.8.30.tar.gz", hash = "sha256:bec941d2aa8195e248a60b31ff9f0558284cf01a52591ceda73ea9afffd69fd9"},
]

[[package]]
name = "colorama"
version = "0.4.6"
description = "Cross-platform colored terminal text."
optional = false
python-versions = "!=3.0.*,!=3.1.*,!=3.2.*,!=3.3.*,!=3.4.*,!=3.5.*,!=3.6.*,>=2.7"
files = [
    {file = "colorama-0.4.6-py2.py3-none-any.whl", hash = "sha256:4f1d9991f5acc0ca119f9d443620b77f9d6b33703e51011c16baf57afb285fc6"},
    {file = "colorama-0.4.6.tar.gz", hash = "sha256:08695f5cb7ed6e0531a20572697297273c47b8cae5a63ffc6d6ed5c201be6e44"},
]

[[package]]
name = "exceptiongroup"
version = "1.2.2"
description = "Backport of PEP 654 (exception groups)"
optional = false
python-versions = ">=3.7"
files = [
    {file = "exceptiongroup-1.2.2-py3-none-any.whl", hash = "sha256:3111b9d131c238bec2f8f516e123e14ba243563fb135d3fe885990585aa7795b"},
    {file = "exceptiongroup-1.2.2.tar.gz", hash = "sha256:47c2edf7c6738fafb49fd34290706d1a1a2f4d1c6df275526b62cbb4aa5393cc"},
]

[package.extras]
test = ["pytest (>=6)"]

[[package]]
name = "h11"
version = "0.14.0"
description = "A pure-Python, bring-your-own-I/O implementation of HTTP/1.1"
optional = false
python-versions = ">=3.7"
files = [
    {file = "h11-0.14.0-py3-none-any.whl", hash = "sha256:e3fe4ac4b851c468cc8363d500db52c2ead036020723024a109d37346efaa761"},
    {file = "h11-0.14.0.tar.gz", hash = "sha256:8f19fbbe99e72420ff35c00b27a34cb9937e902a8b810e2c88300c6f0a3b699d"},
]

[[package]]
name = "httpcore"
version = "1.0.5"
description = "A minimal low-level HTTP client."
optional = false
python-versions = ">=3.8"
files = [
    {file = "httpcore-1.0.5-py3-none-any.whl", hash = "sha256:421f18bac248b25d310f3cacd198d55b8e6125c107797b609ff9b7a6ba7991b5"},
    {file = "httpcore-1.0.5.tar.gz", hash = "sha256:34a38e2f9291467ee3b44e89dd52615370e152954ba21721378a87b2960f7a61"},
]

[package.dependencies]
certifi = "*"
h11 = ">=0.13,<0.15"

[package.extras]
asyncio = ["anyio (>=4.0,<5.0)"]
http2 = ["h2 (>=3,<5)"]
socks = ["socksio (==1.*)"]
trio = ["trio (>=0.22.0,<0.26.0)"]

[[package]]
name = "httpx"
version = "0.27.2"
description = "The next generation HTTP client."
optional = false
python-versions = ">=3.8"
files = [
    {file = "httpx-0.27.2-py3-none-any.whl", hash = "sha256:7bb2708e112d8fdd7829cd4243970f0c223274051cb35ee80c03301ee29a3df0"},
    {file = "httpx-0.27.2.tar.gz", hash = "sha256:f7c2be1d2f3c3c3160d441802406b206c2b76f5947b11115e6df10c6c65e66c2"},
]

[package.dependencies]
anyio = "*"
certifi = "*"
httpcore = "==1.*"
idna = "*"
sniffio = "*"
socksio = {version = "==1.*", optional = true, markers = "extra == \"socks\""}

[package.extras]
brotli = ["brotli", "brotlicffi"]
cli = ["click (==8.*)", "pygments (==2.*)", "rich (>=10,<14)"]
http2 = ["h2 (>=3,<5)"]
socks = ["socksio (==1.*)"]
zstd = ["zstandard (>=0.18.0)"]

[[package]]
name = "idna"
version = "3.8"
description = "Internationalized Domain Names in Applications (IDNA)"
optional = false
python-versions = ">=3.6"
files = [
    {file = "idna-3.8-py3-none-any.whl", hash = "sha256:050b4e5baadcd44d760cedbd2b8e639f2ff89bbc7a5730fcc662954303377aac"},
    {file = "idna-3.8.tar.gz", hash = "sha256:d838c2c0ed6fced7693d5e8ab8e734d5f8fda53a039c0164afb0b82e771e3603"},
]

[[package]]
name = "iniconfig"
version = "2.0.0"
description = "brain-dead simple config-ini parsing"
optional = false
python-versions = ">=3.7"
files = [
    {file = "iniconfig-2.0.0-py3-none-any.whl", hash = "sha256:b6a85871a79d2e3b22d2d1b94ac2824226a63c6b741c88f7ae975f18b6778374"},
    {file = "iniconfig-2.0.0.tar.gz", hash = "sha256:2d91e135bf72d31a410b17c16da610a82cb55f6b0477d1a902134b24a455b8b3"},
]

[[package]]
name = "packaging"
version = "24.1"
description = "Core utilities for Python packages"
optional = false
python-versions = ">=3.8"
files = [
    {file = "packaging-24.1-py3-none-any.whl", hash = "sha256:5b8f2217dbdbd2f7f384c41c628544e6d52f2d0f53c6d0c3ea61aa5d1d7ff124"},
    {file = "packaging-24.1.tar.gz", hash = "sha256:026ed72c8ed3fcce5bf8950572258698927fd1dbda10a5e981cdf0ac37f4f002"},
]

[[package]]
name = "pluggy"
version = "1.5.0"
description = "plugin and hook calling mechanisms for python"
optional = false
python-versions = ">=3.8"
files = [
    {file = "pluggy-1.5.0-py3-none-any.whl", hash = "sha256:44e1ad92c8ca002de6377e165f3e0f1be63266ab4d554740532335b9d75ea669"},
    {file = "pluggy-1.5.0.tar.gz", hash = "sha256:2cffa88e94fdc978c4c574f15f9e59b7f4201d439195c3715ca9e2486f1d0cf1"},
]

[package.extras]
dev = ["pre-commit", "tox"]
testing = ["pytest", "pytest-benchmark"]

[[package]]
name = "pytest"
version = "8.3.2"
description = "pytest: simple powerful testing with Python"
optional = false
python-versions = ">=3.8"
files = [
    {file = "pytest-8.3.2-py3-none-any.whl", hash = "sha256:4ba08f9ae7dcf84ded419494d229b48d0903ea6407b030eaec46df5e6a73bba5"},
    {file = "pytest-8.3.2.tar.gz", hash = "sha256:c132345d12ce551242c87269de812483f5bcc87cdbb4722e48487ba194f9fdce"},
]

[package.dependencies]
colorama = {version = "*", markers = "sys_platform == \"win32\""}
exceptiongroup = {version = ">=1.0.0rc8", markers = "python_version < \"3.11\""}
iniconfig = "*"
packaging = "*"
pluggy = ">=1.5,<2"
tomli = {version = ">=1", markers = "python_version < \"3.11\""}

[package.extras]
dev = ["argcomplete", "attrs (>=19.2)", "hypothesis (>=3.56)", "mock", "pygments (>=2.7.2)", "requests", "setuptools", "xmlschema"]

[[package]]
name = "pytest-asyncio"
version = "0.24.0"
description = "Pytest support for asyncio"
optional = false
python-versions = ">=3.8"
files = [
    {file = "pytest_asyncio-0.24.0-py3-none-any.whl", hash = "sha256:a811296ed596b69bf0b6f3dc40f83bcaf341b155a269052d82efa2b25ac7037b"},
    {file = "pytest_asyncio-0.24.0.tar.gz", hash = "sha256:d081d828e576d85f875399194281e92bf8a68d60d72d1a2faf2feddb6c46b276"},
]

[package.dependencies]
pytest = ">=8.2,<9"

[package.extras]
docs = ["sphinx (>=5.3)", "sphinx-rtd-theme (>=1.0)"]
testing = ["coverage (>=6.2)", "hypothesis (>=5.7.1)"]

[[package]]
name = "selectolax"
version = "0.3.26"
description = "Fast HTML5 parser with CSS selectors."
optional = false
python-versions = "*"
files = [
    {file = "selectolax-0.3.26-cp310-cp310-macosx_10_9_universal2.whl", hash = "sha256:2a421ba2e61f9567f90a1259cb34dc31586e6b2025ad6d7909b39339a183044c"},
    {file = "selectolax-0.3.26-cp310-cp310-macosx_10_9_x86_64.whl", hash = "sha256:a87a6681fdafb4388464df368065fecbfdf82531ae33a2f699d2e6ede3a396a5"},
    {file = "selectolax-0.3.26-cp310-cp310-manylinux_2_17_aarch64.manylinux2014_aarch64.whl", hash = "sha256:2bb10fba206cab32206f218fb560ed50263420b29024ac990202bf6e3f5e207b"},
    {file = "selectolax-0.3.26-cp310-cp310-manylinux_2_17_x86_64.manylinux2014_x86_64.whl", hash = "sha256:1d56ce5ac3c2b56d0d115fa0d206f3273ce9942dc4e8b3f1c73b8d185a4b90f3"},
    {file = "selectolax-0.3.26-cp310-cp310-manylinux_2_5_i686.manylinux1_i686.manylinux_2_17_i686.manylinux2014_i686.whl", hash = "sha256:4537276c1c93a33ddaae3e63705b5199a0519e930ee49708d95d64a1af77931d"},
    {file = "selectolax-0.3.26-cp310-cp310-musllinux_1_2_aarch64.whl", hash = "sha256:7f5c933802676ea30d4413b0035d0da584b4052bb721f7db57aa2aa9c0b4e6f9"},
    {file = "selectolax-0.3.26-cp310-cp310-musllinux_1_2_i686.whl", hash = "sha256:e2a445576f341a698421a5fe39df25def3e37da6136a4de0d0103ee08611afd8"},
    {file = "selectolax-0.3.26-cp310-cp310-musllinux_1_2_x86_64.whl", hash = "sha256:f54e6ae15294ceb3c7da34b1c30aa7c83c3b1d14142a62b592cdf494c08c4617"},
    {file = "selectolax-0.3.26-cp310-cp310-win32.whl", hash = "sha256:6e9bcc0007a5dbf7d29db6e05d31e66ee59de9ce102e96a6071e1fac478f769e"},
    {file = "selectolax-0.3.26-cp310-cp310-win_amd64.whl", hash = "sha256:84aff790d22651aed8881e07213c7806f65e1f50d0891ec28c47f0e109a249c6"},
    {file = "selectolax-0.3.26-cp311-cp311-macosx_10_9_universal2.whl", hash = "sha256:6d17b3ec3fa7a526be7073482ccf8a23e403893994674d709f61affdb6c5545a"},
    {file = "selectolax-0.3.26-cp311-cp311-macosx_10_9_x86_64.whl", hash = "sha256:c1240e7933d09d27bf9326db1466be648751530edd87e7d82126e4d2d1766a8c"},
    {file = "selectolax-0.3.26-cp311-cp311-manylinux_2_17_aarch64.manylinux2014_aarch64.whl", hash = "sha256:a5b58e7894453a8d6d4c26350d4b2356ddcb38f160cb0074a55d33138ef8392d"},
    {file = "selectolax-0.3.26-cp311-cp311-manylinux_2_17_x86_64.manylinux2014_x86_64.whl", hash = "sha256:165b14b2485af63ceb3a67e4e8ab53dd8c3a4ed368a064e7d6d68b3dfcbf8cd1"},
    {file = "selectolax-0.3.26-cp311-cp311-manylinux_2_5_i686.manylinux1_i686.manylinux_2_17_i686.manylinux2014_i686.whl", hash = "sha256:d6f5489ca476a347e88e030db3bde44dff9b4a6fe719cfd0b8ae78cfd86669cb"},
    {file = "selectolax-0.3.26-cp311-cp311-musllinux_1_2_aarch64.whl", hash = "sha256:1ba5e30494efb39bf87f31820169381738eb475965c65e9ac492667617f2ea60"},
    {file = "selectolax-0.3.26-cp311-cp311-musllinux_1_2_i686.whl", hash = "sha256:329eef64abc7a0a2d754c313dae544592944ebf58ac77313525f46fe1e80805e"},
    {file = "selectolax-0.3.26-cp311-cp311-musllinux_1_2_x86_64.whl", hash = "sha256:462c4ae027cf8c2623177eb8bb7e43fc72505d6958c2bb7043591d25c8221ab9"},
    {file = "selectolax-0.3.26-cp311-cp311-win32.whl", hash = "sha256:33d296c1f64b5a3e6f6fd9feb8d1b6ba69281f4b4083274a274959c3017c2081"},
    {file = "selectolax-0.3.26-cp311-cp311-win_amd64.whl", hash = "sha256:dfedb7ba2383e6b4eafaf607ec39ce1e7f40508efe06c1e984bcaac5effbc3f9"},
    {file = "selectolax-0.3.26-cp312-cp312-macosx_10_13_universal2.whl", hash = "sha256:4af271eaf21ce7c27a749171e4f06480324323e7d60d5afdf2d204076cfa58c5"},
    {file = "selectolax-0.3.26-cp312-cp312-macosx_10_13_x86_64.whl", hash = "sha256:59f3ab9f4bc57b919a5405ef8bed7bfca62250411df1fd198a62d40d13c4df2a"},
    {file = "selectolax-0.3.26-cp312-cp312-manylinux_2_17_aarch64.manylinux2014_aarch64.whl", hash = "sha256:9ca4cf160975268431b7c014b30d892d49a2862a75677059efe0bca8063def72"},
    {file = "selectolax-0.3.26-cp312-cp312-manylinux_2_17_x86_64.manylinux2014_x86_64.whl", hash = "sha256:ddf4ec725d2d52e8d7aebc4a0e98adc3e5248cbe957438c2c5495e0cea8fa3b8"},
    {file = "selectolax-0.3.26-cp312-cp312-manylinux_2_5_i686.manylinux1_i686.manylinux_2_17_i686.manylinux2014_i686.whl", hash = "sha256:641b00bc707a5af29fffead812a63b19e8a961ee6d7705e8f6b40802ce70a077"},
    {file = "selectolax-0.3.26-cp312-cp312-musllinux_1_2_aarch64.whl", hash = "sha256:1fae04b787be96851251b387d72bb488a6752981aa4cad492d98835a4d7c6b78"},
    {file = "selectolax-0.3.26-cp312-cp312-musllinux_1_2_i686.whl", hash = "sha256:559e581dca455b7d96ba4190f6909f86a68642e23139ceb3dad2bb4831b59c62"},
    {file = "selectolax-0.3.26-cp312-cp312-musllinux_1_2_x86_64.whl", hash = "sha256:87b7d0297feee682aa4d6760590c6b2ba4b60772f087f0ec2ecd77cf564e979e"},
    {file = "selectolax-0.3.26-cp312-cp312-win32.whl", hash = "sha256:e9533166e1cd773ef032df8fcd2693d0dda801cbb225d1074e4616eb419271d7"},
    {file = "selectolax-0.3.26-cp312-cp312-win_amd64.whl", hash = "sha256:ce4ff49a68b1104bcf4588d9917033593442538d3d0cac1a74abcef23e478770"},
    {file = "selectolax-0.3.26-cp313-cp313-macosx_10_13_universal2.whl", hash = "sha256:66c25f78cc2006c9386a8c228dab84ccc00b45c8edb667329e39fe7adbee13bc"},
    {file = "selectolax-0.3.26-cp313-cp313-macosx_10_13_x86_64.whl", hash = "sha256:c4cdb2c3187d3615cf551c8c821cdf861592736c7efa58fefadaaca89b48474f"},
    {file = "selectolax-0.3.26-cp313-cp313-manylinux_2_17_aarch64.manylinux2014_aarch64.whl", hash = "sha256:3fb6b7df8d20592db1960d40e21874709315479457cdcb49f02c257c80df1035"},
    {file = "selectolax-0.3.26-cp313-cp313-manylinux_2_17_x86_64.manylinux2014_x86_64.whl", hash = "sha256:49b9c2d4bb990e7b8d1911e9d9af02f37bd5e391f748c85af44e4277b4cd61c0"},
    {file = "selectolax-0.3.26-cp313-cp313-manylinux_2_5_i686.manylinux1_i686.manylinux_2_17_i686.manylinux2014_i686.whl", hash = "sha256:1a98d0dcc150f4b9fa4a610f6a55119631b0b0bb892eb3ce32aa566bd3efae4a"},
    {file = "selectolax-0.3.26-cp313-cp313-musllinux_1_2_aarch64.whl", hash = "sha256:841865ddebfc3f60518b31af9072fd15f731a39e41dc1c5d10bf652200aec9aa"},
    {file = "selectolax-0.3.26-cp313-cp313-musllinux_1_2_i686.whl", hash = "sha256:0b4b1a80eccff025c00410048662c183746a8a966aff30d55e608988ebdbf148"},
    {file = "selectolax-0.3.26-cp313-cp313-musllinux_1_2_x86_64.whl", hash = "sha256:b6532e60e6e966afef1f1281835cd6bbdcdcc17b3ee4d048469ab0ebdfc9722f"},
    {file = "selectolax-0.3.26-cp313-cp313-win32.whl", hash = "sha256:7e808f7c0b85997af9115f6fabf1b209940d2ceaa3a405417a63bf9eaf115b3a"},
    {file = "selectolax-0.3.26-cp313-cp313-win_amd64.whl", hash = "sha256:064a15d56697cd66a4a78310cd5719cac57563ee6a94f05e01ca252fe4813a1b"},
    {file = "selectolax-0.3.26-cp37-cp37m-macosx_10_9_x86_64.whl", hash = "sha256:136041fe36cdac45d5586d34f758c857f56c9558fdb060cb0d7233d508917bf4"},
    {file = "selectolax-0.3.26-cp37-cp37m-manylinux_2_17_x86_64.manylinux2014_x86_64.whl", hash = "sha256:7023550a2d1e41b4e45ee4901f734590c73df778ee9e93a54c570968f74fd094"},
    {file = "selectolax-0.3.26-cp37-cp37m-manylinux_2_5_i686.manylinux1_i686.manylinux_2_17_i686.manylinux2014_i686.whl", hash = "sha256:88a74f3c7859f1d79da79b837ce49f7dba67e1d6815315dbbfb85c34bccc2a42"},
    {file = "selectolax-0.3.26-cp37-cp37m-musllinux_1_2_i686.whl", hash = "sha256:8c269cdff9edbf0bada7f58f60cf1f1d615919fbda39a8f0e3a7b79ca89d1726"},
    {file = "selectolax-0.3.26-cp37-cp37m-musllinux_1_2_x86_64.whl", hash = "sha256:e6d7adee1220ca49a705719200bf59bc54d2b3ce6fc148d0beab10624502151a"},
    {file = "selectolax-0.3.26-cp37-cp37m-win32.whl", hash = "sha256:703d05a16fc7070cbd381549b8236f9ae7af05b0f03c084344a686d7e810bdb3"},
    {file = "selectolax-0.3.26-cp37-cp37m-win_amd64.whl", hash = "sha256:78b17dc4fcdd1056656ebebd7ef18f9c0ce8ade11f6e7ab8cf9f700f6ae2bb76"},
    {file = "selectolax-0.3.26-cp38-cp38-macosx_10_9_universal2.whl", hash = "sha256:59c35a041533576e77371f51e05d9cf620c572cf9c74cb7b87895fb71cdcb88d"},
    {file = "selectolax-0.3.26-cp38-cp38-macosx_10_9_x86_64.whl", hash = "sha256:7fda1bb437b598610cbf9d0d3f60b906eddf9774b5fa48c8edd0152d6eaa7d8f"},
    {file = "selectolax-0.3.26-cp38-cp38-manylinux_2_17_x86_64.manylinux2014_x86_64.whl", hash = "sha256:0b480d5d7255554c38822f884ff7c88f9b8c54697fc1917611fca7de0490d3b9"},
    {file = "selectolax-0.3.26-cp38-cp38-manylinux_2_5_i686.manylinux1_i686.manylinux_2_17_i686.manylinux2014_i686.whl", hash = "sha256:062c37d71b2bbf19a3e6f2d74fbf11d4c82e63c01fc9960cb8d20fc0583bf0d8"},
    {file = "selectolax-0.3.26-cp38-cp38-musllinux_1_2_i686.whl", hash = "sha256:375db89b7142cf0e2176f4377ca815d69226c27caf0266e01936fd7fd6fa96f9"},
    {file = "selectolax-0.3.26-cp38-cp38-musllinux_1_2_x86_64.whl", hash = "sha256:612084d383b9ccd5f75c55f82471ee96e40c69e4bc3eeeba5212416e06e34baa"},
    {file = "selectolax-0.3.26-cp38-cp38-win32.whl", hash = "sha256:a9d11aad28baabad65488f4cf1c0413093a820299c68df34e7cd6a81828ea486"},
    {file = "selectolax-0.3.26-cp38-cp38-win_amd64.whl", hash = "sha256:e782c5fe53937eb4bbdbaa0642e14384a84ccec8ddc8b478ad1f4fb57fa07a33"},
    {file = "selectolax-0.3.26-cp39-cp39-macosx_10_9_universal2.whl", hash = "sha256:9d64e7d3c83fea58f8630259267bdfdd6c0f183612e70b3514590c058551bb28"},
    {file = "selectolax-0.3.26-cp39-cp39-macosx_10_9_x86_64.whl", hash = "sha256:822f8fcb7eeb43c0fc09fd20027ef68bd000228ebd4f5a031ac1b646d1b155ce"},
    {file = "selectolax-0.3.26-cp39-cp39-manylinux_2_17_aarch64.manylinux2014_aarch64.whl", hash = "sha256:713cb93b173950a40e70cdb163f3a0e422a9bdf5df1627c5ac109fe662b11f68"},
    {file = "selectolax-0.3.26-cp39-cp39-manylinux_2_17_x86_64.manylinux2014_x86_64.whl", hash = "sha256:ed961a5c7cd1875e9a251eeb12efa0cef3daf9a73bfed26b4410b0f7ca4075e8"},
    {file = "selectolax-0.3.26-cp39-cp39-manylinux_2_5_i686.manylinux1_i686.manylinux_2_17_i686.manylinux2014_i686.whl", hash = "sha256:d2bd8ef1c360da936605f34bcb31711d05ff1c1907b4a1573511cdeb2ffd8448"},
    {file = "selectolax-0.3.26-cp39-cp39-musllinux_1_2_aarch64.whl", hash = "sha256:c9d823a8f24158cc62e8d7e676a0504bf59278ceee34f09976ddeb4c190eca73"},
    {file = "selectolax-0.3.26-cp39-cp39-musllinux_1_2_i686.whl", hash = "sha256:a47757f97b6ffc2699d6ac02d1b8890258c43b95676e64f58b5c15e201b9ceff"},
    {file = "selectolax-0.3.26-cp39-cp39-musllinux_1_2_x86_64.whl", hash = "sha256:c4998cea022c360eeb17613678b861b5a724066c499508dd86c1812910cdeaa3"},
    {file = "selectolax-0.3.26-cp39-cp39-win32.whl", hash = "sha256:5e6a2d755695359b2465efaad8ad840dc4d7a328d62f8673110fdaabfe8cfd98"},
    {file = "selectolax-0.3.26-cp39-cp39-win_amd64.whl", hash = "sha256:bfaeb5d055592b4455cebd3cbd80ef1f47b97df991798f92814030f7ea8fa0fc"},
    {file = "selectolax-0.3.26.tar.gz", hash = "sha256:fd8da39a64145cb14c1f6ec9ca7378342af7de9ba4c8e3d65d5daa107594826b"},
]

[package.extras]
cython = ["Cython (==3.0.11)"]

[[package]]
name = "sniffio"
version = "1.3.1"
description = "Sniff out which async library your code is running under"
optional = false
python-versions = ">=3.7"
files = [
    {file = "sniffio-1.3.1-py3-none-any.whl", hash = "sha256:2f6da418d1f1e0fddd844478f41680e794e6051915791a034ff65e5f100525a2"},
    {file = "sniffio-1.3.1.tar.gz", hash = "sha256:f4324edc670a0f49750a81b895f35c3adb843cca46f0530f79fc1babb23789dc"},
]

[[package]]
name = "socksio"
version = "1.0.0"
description = "Sans-I/O implementation of SOCKS4, SOCKS4A, and SOCKS5."
optional = false
python-versions = ">=3.6"
files = [
    {file = "socksio-1.0.0-py3-none-any.whl", hash = "sha256:95dc1f15f9b34e8d7b16f06d74b8ccf48f609af32ab33c608d08761c5dcbb1f3"},
    {file = "socksio-1.0.0.tar.gz", hash = "sha256:f88beb3da5b5c38b9890469de67d0cb0f9d494b78b106ca1845f96c10b91c4ac"},
]

[[package]]
name = "tomli"
version = "2.0.1"
description = "A lil' TOML parser"
optional = false
python-versions = ">=3.7"
files = [
    {file = "tomli-2.0.1-py3-none-any.whl", hash = "sha256:939de3e7a6161af0c887ef91b7d41a53e7c5a1ca976325f429cb46ea9bc30ecc"},
    {file = "tomli-2.0.1.tar.gz", hash = "sha256:de526c12914f0c550d15924c62d72abc48d6fe7364aa87328337a31007fe8a4f"},
]

[[package]]
name = "typing-extensions"
version = "4.12.2"
description = "Backported and Experimental Type Hints for Python 3.8+"
optional = false
python-versions = ">=3.8"
files = [
    {file = "typing_extensions-4.12.2-py3-none-any.whl", hash = "sha256:04e5ca0351e0f3f85c6853954072df659d0d13fac324d0072316b67d7794700d"},
    {file = "typing_extensions-4.12.2.tar.gz", hash = "sha256:1a7ead55c7e559dd4dee8856e3a88b41225abfe1ce8df57b7c13915fe121ffb8"},
]

[metadata]
lock-version = "2.0"
python-versions = ">=3.9.1,<3.12"
content-hash = "537f60b08cd6839abfdd9f2cd5bd1381df29b48a3ab723ec773d39fd48617d75"
